
Microsoft Visual Studio Solution File, Format Version 12.00
# Visual Studio 15
VisualStudioVersion = 15.0.28307.106
MinimumVisualStudioVersion = 10.0.40219.1
Project("{FAE04EC0-301F-11D3-BF4B-00C04F79EFBC}") = "CinemaApp", "CinemaApp\CinemaApp.csproj", "{98460510-08D7-4B4D-9EFC-95F2DF2099BE}"
EndProject
Global
	GlobalSection(SolutionConfigurationPlatforms) = preSolution
		Debug|Any CPU = Debug|Any CPU
		Release|Any CPU = Release|Any CPU
	EndGlobalSection
	GlobalSection(ProjectConfigurationPlatforms) = postSolution
		{98460510-08D7-4B4D-9EFC-95F2DF2099BE}.Debug|Any CPU.ActiveCfg = Debug|Any CPU
		{98460510-08D7-4B4D-9EFC-95F2DF2099BE}.Debug|Any CPU.Build.0 = Debug|Any CPU
		{98460510-08D7-4B4D-9EFC-95F2DF2099BE}.Release|Any CPU.ActiveCfg = Release|Any CPU
		{98460510-08D7-4B4D-9EFC-95F2DF2099BE}.Release|Any CPU.Build.0 = Release|Any CPU
	EndGlobalSection
	GlobalSection(SolutionProperties) = preSolution
		HideSolutionNode = FALSE
	EndGlobalSection
	GlobalSection(ExtensibilityGlobals) = postSolution
		SolutionGuid = {41E1576B-8A1B-42D6-8AA3-85805C7E03DE}
	EndGlobalSection
EndGlobal
